
Microsoft Visual Studio Solution File, Format Version 12.00
# Visual Studio Version 17
VisualStudioVersion = 17.13.35931.197
MinimumVisualStudioVersion = 10.0.40219.1
Project("{FAE04EC0-301F-11D3-BF4B-00C04F79EFBC}") = "Minecraft Easy Servers", "Minecraft Easy Servers\Minecraft Easy Servers.csproj", "{06BBD681-9957-4C97-BDAD-C99788DCD76C}"
EndProject
Project("{FAE04EC0-301F-11D3-BF4B-00C04F79EFBC}") = "DiscordBot", "DiscordBot\DiscordBot.csproj", "{29922A32-7B97-433B-94B2-AFA121E54143}"
EndProject
Global
	GlobalSection(SolutionConfigurationPlatforms) = preSolution
		Debug|Any CPU = Debug|Any CPU
		Release|Any CPU = Release|Any CPU
	EndGlobalSection
	GlobalSection(ProjectConfigurationPlatforms) = postSolution
		{06BBD681-9957-4C97-BDAD-C99788DCD76C}.Debug|Any CPU.ActiveCfg = Debug|Any CPU
		{06BBD681-9957-4C97-BDAD-C99788DCD76C}.Debug|Any CPU.Build.0 = Debug|Any CPU
		{06BBD681-9957-4C97-BDAD-C99788DCD76C}.Release|Any CPU.ActiveCfg = Release|Any CPU
		{06BBD681-9957-4C97-BDAD-C99788DCD76C}.Release|Any CPU.Build.0 = Release|Any CPU
		{29922A32-7B97-433B-94B2-AFA121E54143}.Debug|Any CPU.ActiveCfg = Debug|Any CPU
		{29922A32-7B97-433B-94B2-AFA121E54143}.Debug|Any CPU.Build.0 = Debug|Any CPU
		{29922A32-7B97-433B-94B2-AFA121E54143}.Release|Any CPU.ActiveCfg = Release|Any CPU
		{29922A32-7B97-433B-94B2-AFA121E54143}.Release|Any CPU.Build.0 = Release|Any CPU
	EndGlobalSection
	GlobalSection(SolutionProperties) = preSolution
		HideSolutionNode = FALSE
	EndGlobalSection
	GlobalSection(ExtensibilityGlobals) = postSolution
		SolutionGuid = {AC831E3B-9409-49A4-8836-3AE94B120DBA}
	EndGlobalSection
EndGlobal
